// !$*UTF8*$!
{
	archiveVersion = 1;
	classes = {
	};
	objectVersion = 55;
	objects = {

/* Begin PBXBuildFile section */
		2678BA75362F9CC32C5DCCDA /* Pods_ContainerMeasure.framework in Frameworks */ = {isa = PBXBuildFile; fileRef = B99A35DF0C53CF2FDB99A220 /* Pods_ContainerMeasure.framework */; };
		CADC870B28BD09CE0051B8DA /* ResultDataCell.swift in Sources */ = {isa = PBXBuildFile; fileRef = CADC870928BD09CE0051B8DA /* ResultDataCell.swift */; };
		CADC870C28BD09CE0051B8DA /* ResultDataCell.xib in Resources */ = {isa = PBXBuildFile; fileRef = CADC870A28BD09CE0051B8DA /* ResultDataCell.xib */; };
		CAF2B93B28BCA0E100D4B4A5 /* SliderViewController.swift in Sources */ = {isa = PBXBuildFile; fileRef = CAF2B93A28BCA0E100D4B4A5 /* SliderViewController.swift */; };
		CAF2B93D28BCB45600D4B4A5 /* UITableView.swift in Sources */ = {isa = PBXBuildFile; fileRef = CAF2B93C28BCB45600D4B4A5 /* UITableView.swift */; };
		CAF2B94028BCB58600D4B4A5 /* DisplayTableViewCell.swift in Sources */ = {isa = PBXBuildFile; fileRef = CAF2B93E28BCB58600D4B4A5 /* DisplayTableViewCell.swift */; };
		CAF2B94128BCB58600D4B4A5 /* DisplayTableViewCell.xib in Resources */ = {isa = PBXBuildFile; fileRef = CAF2B93F28BCB58600D4B4A5 /* DisplayTableViewCell.xib */; };
		CAF6829D28B8B4D200EED35B /* AppDelegate.swift in Sources */ = {isa = PBXBuildFile; fileRef = CAF6829C28B8B4D200EED35B /* AppDelegate.swift */; };
		CAF6829F28B8B4D200EED35B /* SceneDelegate.swift in Sources */ = {isa = PBXBuildFile; fileRef = CAF6829E28B8B4D200EED35B /* SceneDelegate.swift */; };
		CAF682A128B8B4D200EED35B /* ViewController.swift in Sources */ = {isa = PBXBuildFile; fileRef = CAF682A028B8B4D200EED35B /* ViewController.swift */; };
		CAF682A428B8B4D200EED35B /* Main.storyboard in Resources */ = {isa = PBXBuildFile; fileRef = CAF682A228B8B4D200EED35B /* Main.storyboard */; };
		CAF682A628B8B4D400EED35B /* Assets.xcassets in Resources */ = {isa = PBXBuildFile; fileRef = CAF682A528B8B4D400EED35B /* Assets.xcassets */; };
		CAF682A928B8B4D400EED35B /* LaunchScreen.storyboard in Resources */ = {isa = PBXBuildFile; fileRef = CAF682A728B8B4D400EED35B /* LaunchScreen.storyboard */; };
/* End PBXBuildFile section */

/* Begin PBXFileReference section */
		1E3A52E48F350AA64E2693DB /* Pods-ContainerMeasure.debug.xcconfig */ = {isa = PBXFileReference; includeInIndex = 1; lastKnownFileType = text.xcconfig; name = "Pods-ContainerMeasure.debug.xcconfig"; path = "Target Support Files/Pods-ContainerMeasure/Pods-ContainerMeasure.debug.xcconfig"; sourceTree = "<group>"; };
		8C2D40005654AA5ACD2B673E /* Pods-ContainerMeasure.release.xcconfig */ = {isa = PBXFileReference; includeInIndex = 1; lastKnownFileType = text.xcconfig; name = "Pods-ContainerMeasure.release.xcconfig"; path = "Target Support Files/Pods-ContainerMeasure/Pods-ContainerMeasure.release.xcconfig"; sourceTree = "<group>"; };
		B99A35DF0C53CF2FDB99A220 /* Pods_ContainerMeasure.framework */ = {isa = PBXFileReference; explicitFileType = wrapper.framework; includeInIndex = 0; path = Pods_ContainerMeasure.framework; sourceTree = BUILT_PRODUCTS_DIR; };
		CADC870928BD09CE0051B8DA /* ResultDataCell.swift */ = {isa = PBXFileReference; lastKnownFileType = sourcecode.swift; path = ResultDataCell.swift; sourceTree = "<group>"; };
		CADC870A28BD09CE0051B8DA /* ResultDataCell.xib */ = {isa = PBXFileReference; lastKnownFileType = file.xib; path = ResultDataCell.xib; sourceTree = "<group>"; };
		CAF2B93A28BCA0E100D4B4A5 /* SliderViewController.swift */ = {isa = PBXFileReference; lastKnownFileType = sourcecode.swift; path = SliderViewController.swift; sourceTree = "<group>"; };
		CAF2B93C28BCB45600D4B4A5 /* UITableView.swift */ = {isa = PBXFileReference; lastKnownFileType = sourcecode.swift; path = UITableView.swift; sourceTree = "<group>"; };
		CAF2B93E28BCB58600D4B4A5 /* DisplayTableViewCell.swift */ = {isa = PBXFileReference; lastKnownFileType = sourcecode.swift; path = DisplayTableViewCell.swift; sourceTree = "<group>"; };
		CAF2B93F28BCB58600D4B4A5 /* DisplayTableViewCell.xib */ = {isa = PBXFileReference; lastKnownFileType = file.xib; path = DisplayTableViewCell.xib; sourceTree = "<group>"; };
		CAF6829928B8B4D200EED35B /* ContainerMeasure.app */ = {isa = PBXFileReference; explicitFileType = wrapper.application; includeInIndex = 0; path = ContainerMeasure.app; sourceTree = BUILT_PRODUCTS_DIR; };
		CAF6829C28B8B4D200EED35B /* AppDelegate.swift */ = {isa = PBXFileReference; lastKnownFileType = sourcecode.swift; path = AppDelegate.swift; sourceTree = "<group>"; };
		CAF6829E28B8B4D200EED35B /* SceneDelegate.swift */ = {isa = PBXFileReference; lastKnownFileType = sourcecode.swift; path = SceneDelegate.swift; sourceTree = "<group>"; };
		CAF682A028B8B4D200EED35B /* ViewController.swift */ = {isa = PBXFileReference; lastKnownFileType = sourcecode.swift; path = ViewController.swift; sourceTree = "<group>"; };
		CAF682A328B8B4D200EED35B /* Base */ = {isa = PBXFileReference; lastKnownFileType = file.storyboard; name = Base; path = Base.lproj/Main.storyboard; sourceTree = "<group>"; };
		CAF682A528B8B4D400EED35B /* Assets.xcassets */ = {isa = PBXFileReference; lastKnownFileType = folder.assetcatalog; path = Assets.xcassets; sourceTree = "<group>"; };
		CAF682A828B8B4D400EED35B /* Base */ = {isa = PBXFileReference; lastKnownFileType = file.storyboard; name = Base; path = Base.lproj/LaunchScreen.storyboard; sourceTree = "<group>"; };
		CAF682AA28B8B4D400EED35B /* Info.plist */ = {isa = PBXFileReference; lastKnownFileType = text.plist.xml; path = Info.plist; sourceTree = "<group>"; };
/* End PBXFileReference section */

/* Begin PBXFrameworksBuildPhase section */
		CAF6829628B8B4D200EED35B /* Frameworks */ = {
			isa = PBXFrameworksBuildPhase;
			buildActionMask = 2147483647;
			files = (
				2678BA75362F9CC32C5DCCDA /* Pods_ContainerMeasure.framework in Frameworks */,
			);
			runOnlyForDeploymentPostprocessing = 0;
		};
/* End PBXFrameworksBuildPhase section */

/* Begin PBXGroup section */
		3B8056697ECF25FF0C1E6DE1 /* Frameworks */ = {
			isa = PBXGroup;
			children = (
				B99A35DF0C53CF2FDB99A220 /* Pods_ContainerMeasure.framework */,
			);
			name = Frameworks;
			sourceTree = "<group>";
		};
		CAF6829028B8B4D200EED35B = {
			isa = PBXGroup;
			children = (
				CAF6829B28B8B4D200EED35B /* ContainerMeasure */,
				CAF6829A28B8B4D200EED35B /* Products */,
				ECF7E4944C11ED3F23210785 /* Pods */,
				3B8056697ECF25FF0C1E6DE1 /* Frameworks */,
			);
			sourceTree = "<group>";
		};
		CAF6829A28B8B4D200EED35B /* Products */ = {
			isa = PBXGroup;
			children = (
				CAF6829928B8B4D200EED35B /* ContainerMeasure.app */,
			);
			name = Products;
			sourceTree = "<group>";
		};
		CAF6829B28B8B4D200EED35B /* ContainerMeasure */ = {
			isa = PBXGroup;
			children = (
				CAF6829C28B8B4D200EED35B /* AppDelegate.swift */,
				CAF6829E28B8B4D200EED35B /* SceneDelegate.swift */,
				CAF682A028B8B4D200EED35B /* ViewController.swift */,
				CAF2B93A28BCA0E100D4B4A5 /* SliderViewController.swift */,
				CAF2B93C28BCB45600D4B4A5 /* UITableView.swift */,
				CAF682A228B8B4D200EED35B /* Main.storyboard */,
				CAF682A528B8B4D400EED35B /* Assets.xcassets */,
				CAF682A728B8B4D400EED35B /* LaunchScreen.storyboard */,
				CAF682AA28B8B4D400EED35B /* Info.plist */,
				CAF2B93E28BCB58600D4B4A5 /* DisplayTableViewCell.swift */,
				CAF2B93F28BCB58600D4B4A5 /* DisplayTableViewCell.xib */,
				CADC870928BD09CE0051B8DA /* ResultDataCell.swift */,
				CADC870A28BD09CE0051B8DA /* ResultDataCell.xib */,
			);
			path = ContainerMeasure;
			sourceTree = "<group>";
		};
		ECF7E4944C11ED3F23210785 /* Pods */ = {
			isa = PBXGroup;
			children = (
				1E3A52E48F350AA64E2693DB /* Pods-ContainerMeasure.debug.xcconfig */,
				8C2D40005654AA5ACD2B673E /* Pods-ContainerMeasure.release.xcconfig */,
			);
			path = Pods;
			sourceTree = "<group>";
		};
/* End PBXGroup section */

/* Begin PBXNativeTarget section */
		CAF6829828B8B4D200EED35B /* ContainerMeasure */ = {
			isa = PBXNativeTarget;
			buildConfigurationList = CAF682AD28B8B4D400EED35B /* Build configuration list for PBXNativeTarget "ContainerMeasure" */;
			buildPhases = (
				7665D7450BD0153F35D6B2A3 /* [CP] Check Pods Manifest.lock */,
				CAF6829528B8B4D200EED35B /* Sources */,
				CAF6829628B8B4D200EED35B /* Frameworks */,
				CAF6829728B8B4D200EED35B /* Resources */,
				B6E8F80146761000B714DA56 /* [CP] Embed Pods Frameworks */,
			);
			buildRules = (
			);
			dependencies = (
			);
			name = ContainerMeasure;
			productName = ContainerMeasure;
			productReference = CAF6829928B8B4D200EED35B /* ContainerMeasure.app */;
			productType = "com.apple.product-type.application";
		};
/* End PBXNativeTarget section */

/* Begin PBXProject section */
		CAF6829128B8B4D200EED35B /* Project object */ = {
			isa = PBXProject;
			attributes = {
				BuildIndependentTargetsInParallel = 1;
				LastSwiftUpdateCheck = 1340;
				LastUpgradeCheck = 1340;
				TargetAttributes = {
					CAF6829828B8B4D200EED35B = {
						CreatedOnToolsVersion = 13.4.1;
					};
				};
			};
			buildConfigurationList = CAF6829428B8B4D200EED35B /* Build configuration list for PBXProject "ContainerMeasure" */;
			compatibilityVersion = "Xcode 13.0";
			developmentRegion = en;
			hasScannedForEncodings = 0;
			knownRegions = (
				en,
				Base,
			);
			mainGroup = CAF6829028B8B4D200EED35B;
			productRefGroup = CAF6829A28B8B4D200EED35B /* Products */;
			projectDirPath = "";
			projectRoot = "";
			targets = (
				CAF6829828B8B4D200EED35B /* ContainerMeasure */,
			);
		};
/* End PBXProject section */

/* Begin PBXResourcesBuildPhase section */
		CAF6829728B8B4D200EED35B /* Resources */ = {
			isa = PBXResourcesBuildPhase;
			buildActionMask = 2147483647;
			files = (
				CAF682A928B8B4D400EED35B /* LaunchScreen.storyboard in Resources */,
				CAF682A628B8B4D400EED35B /* Assets.xcassets in Resources */,
				CAF2B94128BCB58600D4B4A5 /* DisplayTableViewCell.xib in Resources */,
				CADC870C28BD09CE0051B8DA /* ResultDataCell.xib in Resources */,
				CAF682A428B8B4D200EED35B /* Main.storyboard in Resources */,
			);
			runOnlyForDeploymentPostprocessing = 0;
		};
/* End PBXResourcesBuildPhase section */

/* Begin PBXShellScriptBuildPhase section */
		7665D7450BD0153F35D6B2A3 /* [CP] Check Pods Manifest.lock */ = {
			isa = PBXShellScriptBuildPhase;
			buildActionMask = 2147483647;
			files = (
			);
			inputFileListPaths = (
			);
			inputPaths = (
				"${PODS_PODFILE_DIR_PATH}/Podfile.lock",
				"${PODS_ROOT}/Manifest.lock",
			);
			name = "[CP] Check Pods Manifest.lock";
			outputFileListPaths = (
			);
			outputPaths = (
				"$(DERIVED_FILE_DIR)/Pods-ContainerMeasure-checkManifestLockResult.txt",
			);
			runOnlyForDeploymentPostprocessing = 0;
			shellPath = /bin/sh;
			shellScript = "diff \"${PODS_PODFILE_DIR_PATH}/Podfile.lock\" \"${PODS_ROOT}/Manifest.lock\" > /dev/null\nif [ $? != 0 ] ; then\n    # print error to STDERR\n    echo \"error: The sandbox is not in sync with the Podfile.lock. Run 'pod install' or update your CocoaPods installation.\" >&2\n    exit 1\nfi\n# This output is used by Xcode 'outputs' to avoid re-running this script phase.\necho \"SUCCESS\" > \"${SCRIPT_OUTPUT_FILE_0}\"\n";
			showEnvVarsInLog = 0;
		};
		B6E8F80146761000B714DA56 /* [CP] Embed Pods Frameworks */ = {
			isa = PBXShellScriptBuildPhase;
			buildActionMask = 2147483647;
			files = (
			);
			inputFileListPaths = (
				"${PODS_ROOT}/Target Support Files/Pods-ContainerMeasure/Pods-ContainerMeasure-frameworks-${CONFIGURATION}-input-files.xcfilelist",
			);
			name = "[CP] Embed Pods Frameworks";
			outputFileListPaths = (
				"${PODS_ROOT}/Target Support Files/Pods-ContainerMeasure/Pods-ContainerMeasure-frameworks-${CONFIGURATION}-output-files.xcfilelist",
			);
			runOnlyForDeploymentPostprocessing = 0;
			shellPath = /bin/sh;
			shellScript = "\"${PODS_ROOT}/Target Support Files/Pods-ContainerMeasure/Pods-ContainerMeasure-frameworks.sh\"\n";
			showEnvVarsInLog = 0;
		};
/* End PBXShellScriptBuildPhase section */

/* Begin PBXSourcesBuildPhase section */
		CAF6829528B8B4D200EED35B /* Sources */ = {
			isa = PBXSourcesBuildPhase;
			buildActionMask = 2147483647;
			files = (
				CADC870B28BD09CE0051B8DA /* ResultDataCell.swift in Sources */,
				CAF682A128B8B4D200EED35B /* ViewController.swift in Sources */,
				CAF2B93B28BCA0E100D4B4A5 /* SliderViewController.swift in Sources */,
				CAF2B94028BCB58600D4B4A5 /* DisplayTableViewCell.swift in Sources */,
				CAF2B93D28BCB45600D4B4A5 /* UITableView.swift in Sources */,
				CAF6829D28B8B4D200EED35B /* AppDelegate.swift in Sources */,
				CAF6829F28B8B4D200EED35B /* SceneDelegate.swift in Sources */,
			);
			runOnlyForDeploymentPostprocessing = 0;
		};
/* End PBXSourcesBuildPhase section */

/* Begin PBXVariantGroup section */
		CAF682A228B8B4D200EED35B /* Main.storyboard */ = {
			isa = PBXVariantGroup;
			children = (
				CAF682A328B8B4D200EED35B /* Base */,
			);
			name = Main.storyboard;
			sourceTree = "<group>";
		};
		CAF682A728B8B4D400EED35B /* LaunchScreen.storyboard */ = {
			isa = PBXVariantGroup;
			children = (
				CAF682A828B8B4D400EED35B /* Base */,
			);
			name = LaunchScreen.storyboard;
			sourceTree = "<group>";
		};
/* End PBXVariantGroup section */

/* Begin XCBuildConfiguration section */
		CAF682AB28B8B4D400EED35B /* Debug */ = {
			isa = XCBuildConfiguration;
			buildSettings = {
				ALWAYS_SEARCH_USER_PATHS = NO;
				CLANG_ANALYZER_NONNULL = YES;
				CLANG_ANALYZER_NUMBER_OBJECT_CONVERSION = YES_AGGRESSIVE;
				CLANG_CXX_LANGUAGE_STANDARD = "gnu++17";
				CLANG_ENABLE_MODULES = YES;
				CLANG_ENABLE_OBJC_ARC = YES;
				CLANG_ENABLE_OBJC_WEAK = YES;
				CLANG_WARN_BLOCK_CAPTURE_AUTORELEASING = YES;
				CLANG_WARN_BOOL_CONVERSION = YES;
				CLANG_WARN_COMMA = YES;
				CLANG_WARN_CONSTANT_CONVERSION = YES;
				CLANG_WARN_DEPRECATED_OBJC_IMPLEMENTATIONS = YES;
				CLANG_WARN_DIRECT_OBJC_ISA_USAGE = YES_ERROR;
				CLANG_WARN_DOCUMENTATION_COMMENTS = YES;
				CLANG_WARN_EMPTY_BODY = YES;
				CLANG_WARN_ENUM_CONVERSION = YES;
				CLANG_WARN_INFINITE_RECURSION = YES;
				CLANG_WARN_INT_CONVERSION = YES;
				CLANG_WARN_NON_LITERAL_NULL_CONVERSION = YES;
				CLANG_WARN_OBJC_IMPLICIT_RETAIN_SELF = YES;
				CLANG_WARN_OBJC_LITERAL_CONVERSION = YES;
				CLANG_WARN_OBJC_ROOT_CLASS = YES_ERROR;
				CLANG_WARN_QUOTED_INCLUDE_IN_FRAMEWORK_HEADER = YES;
				CLANG_WARN_RANGE_LOOP_ANALYSIS = YES;
				CLANG_WARN_STRICT_PROTOTYPES = YES;
				CLANG_WARN_SUSPICIOUS_MOVE = YES;
				CLANG_WARN_UNGUARDED_AVAILABILITY = YES_AGGRESSIVE;
				CLANG_WARN_UNREACHABLE_CODE = YES;
				CLANG_WARN__DUPLICATE_METHOD_MATCH = YES;
				COPY_PHASE_STRIP = NO;
				DEBUG_INFORMATION_FORMAT = dwarf;
				ENABLE_STRICT_OBJC_MSGSEND = YES;
				ENABLE_TESTABILITY = YES;
				GCC_C_LANGUAGE_STANDARD = gnu11;
				GCC_DYNAMIC_NO_PIC = NO;
				GCC_NO_COMMON_BLOCKS = YES;
				GCC_OPTIMIZATION_LEVEL = 0;
				GCC_PREPROCESSOR_DEFINITIONS = (
					"DEBUG=1",
					"$(inherited)",
				);
				GCC_WARN_64_TO_32_BIT_CONVERSION = YES;
				GCC_WARN_ABOUT_RETURN_TYPE = YES_ERROR;
				GCC_WARN_UNDECLARED_SELECTOR = YES;
				GCC_WARN_UNINITIALIZED_AUTOS = YES_AGGRESSIVE;
				GCC_WARN_UNUSED_FUNCTION = YES;
				GCC_WARN_UNUSED_VARIABLE = YES;
				IPHONEOS_DEPLOYMENT_TARGET = 15.5;
				MTL_ENABLE_DEBUG_INFO = INCLUDE_SOURCE;
				MTL_FAST_MATH = YES;
				ONLY_ACTIVE_ARCH = YES;
				SDKROOT = iphoneos;
				SWIFT_ACTIVE_COMPILATION_CONDITIONS = DEBUG;
				SWIFT_OPTIMIZATION_LEVEL = "-Onone";
			};
			name = Debug;
		};
		CAF682AC28B8B4D400EED35B /* Release */ = {
			isa = XCBuildConfiguration;
			buildSettings = {
				ALWAYS_SEARCH_USER_PATHS = NO;
				CLANG_ANALYZER_NONNULL = YES;
				CLANG_ANALYZER_NUMBER_OBJECT_CONVERSION = YES_AGGRESSIVE;
				CLANG_CXX_LANGUAGE_STANDARD = "gnu++17";
				CLANG_ENABLE_MODULES = YES;
				CLANG_ENABLE_OBJC_ARC = YES;
				CLANG_ENABLE_OBJC_WEAK = YES;
				CLANG_WARN_BLOCK_CAPTURE_AUTORELEASING = YES;
				CLANG_WARN_BOOL_CONVERSION = YES;
				CLANG_WARN_COMMA = YES;
				CLANG_WARN_CONSTANT_CONVERSION = YES;
				CLANG_WARN_DEPRECATED_OBJC_IMPLEMENTATIONS = YES;
				CLANG_WARN_DIRECT_OBJC_ISA_USAGE = YES_ERROR;
				CLANG_WARN_DOCUMENTATION_COMMENTS = YES;
				CLANG_WARN_EMPTY_BODY = YES;
				CLANG_WARN_ENUM_CONVERSION = YES;
				CLANG_WARN_INFINITE_RECURSION = YES;
				CLANG_WARN_INT_CONVERSION = YES;
				CLANG_WARN_NON_LITERAL_NULL_CONVERSION = YES;
				CLANG_WARN_OBJC_IMPLICIT_RETAIN_SELF = YES;
				CLANG_WARN_OBJC_LITERAL_CONVERSION = YES;
				CLANG_WARN_OBJC_ROOT_CLASS = YES_ERROR;
				CLANG_WARN_QUOTED_INCLUDE_IN_FRAMEWORK_HEADER = YES;
				CLANG_WARN_RANGE_LOOP_ANALYSIS = YES;
				CLANG_WARN_STRICT_PROTOTYPES = YES;
				CLANG_WARN_SUSPICIOUS_MOVE = YES;
				CLANG_WARN_UNGUARDED_AVAILABILITY = YES_AGGRESSIVE;
				CLANG_WARN_UNREACHABLE_CODE = YES;
				CLANG_WARN__DUPLICATE_METHOD_MATCH = YES;
				COPY_PHASE_STRIP = NO;
				DEBUG_INFORMATION_FORMAT = "dwarf-with-dsym";
				ENABLE_NS_ASSERTIONS = NO;
				ENABLE_STRICT_OBJC_MSGSEND = YES;
				GCC_C_LANGUAGE_STANDARD = gnu11;
				GCC_NO_COMMON_BLOCKS = YES;
				GCC_WARN_64_TO_32_BIT_CONVERSION = YES;
				GCC_WARN_ABOUT_RETURN_TYPE = YES_ERROR;
				GCC_WARN_UNDECLARED_SELECTOR = YES;
				GCC_WARN_UNINITIALIZED_AUTOS = YES_AGGRESSIVE;
				GCC_WARN_UNUSED_FUNCTION = YES;
				GCC_WARN_UNUSED_VARIABLE = YES;
				IPHONEOS_DEPLOYMENT_TARGET = 15.5;
				MTL_ENABLE_DEBUG_INFO = NO;
				MTL_FAST_MATH = YES;
				SDKROOT = iphoneos;
				SWIFT_COMPILATION_MODE = wholemodule;
				SWIFT_OPTIMIZATION_LEVEL = "-O";
				VALIDATE_PRODUCT = YES;
			};
			name = Release;
		};
		CAF682AE28B8B4D400EED35B /* Debug */ = {
			isa = XCBuildConfiguration;
			baseConfigurationReference = 1E3A52E48F350AA64E2693DB /* Pods-ContainerMeasure.debug.xcconfig */;
			buildSettings = {
				ASSETCATALOG_COMPILER_APPICON_NAME = AppIcon;
				ASSETCATALOG_COMPILER_GLOBAL_ACCENT_COLOR_NAME = AccentColor;
				CODE_SIGN_STYLE = Automatic;
				CURRENT_PROJECT_VERSION = 1;
				DEVELOPMENT_TEAM = J8G8DUU33R;
				GENERATE_INFOPLIST_FILE = YES;
				INFOPLIST_FILE = ContainerMeasure/Info.plist;
				INFOPLIST_KEY_UIApplicationSupportsIndirectInputEvents = YES;
				INFOPLIST_KEY_UILaunchStoryboardName = LaunchScreen;
				INFOPLIST_KEY_UIMainStoryboardFile = Main;
				INFOPLIST_KEY_UISupportedInterfaceOrientations_iPad = "UIInterfaceOrientationPortrait UIInterfaceOrientationPortraitUpsideDown UIInterfaceOrientationLandscapeLeft UIInterfaceOrientationLandscapeRight";
				INFOPLIST_KEY_UISupportedInterfaceOrientations_iPhone = "UIInterfaceOrientationPortrait UIInterfaceOrientationLandscapeLeft UIInterfaceOrientationLandscapeRight";
				LD_RUNPATH_SEARCH_PATHS = (
					"$(inherited)",
					"@executable_path/Frameworks",
				);
				MARKETING_VERSION = 1.0;
				PRODUCT_BUNDLE_IDENTIFIER = com.obs.ContainerMeasure;
				PRODUCT_NAME = "$(TARGET_NAME)";
				SWIFT_EMIT_LOC_STRINGS = YES;
				SWIFT_VERSION = 5.0;
				TARGETED_DEVICE_FAMILY = "1,2";
			};
			name = Debug;
		};
		CAF682AF28B8B4D400EED35B /* Release */ = {
			isa = XCBuildConfiguration;
			baseConfigurationReference = 8C2D40005654AA5ACD2B673E /* Pods-ContainerMeasure.release.xcconfig */;
			buildSettings = {
				ASSETCATALOG_COMPILER_APPICON_NAME = AppIcon;
				ASSETCATALOG_COMPILER_GLOBAL_ACCENT_COLOR_NAME = AccentColor;
				CODE_SIGN_STYLE = Automatic;
				CURRENT_PROJECT_VERSION = 1;
				DEVELOPMENT_TEAM = J8G8DUU33R;
				GENERATE_INFOPLIST_FILE = YES;
				INFOPLIST_FILE = ContainerMeasure/Info.plist;
				INFOPLIST_KEY_UIApplicationSupportsIndirectInputEvents = YES;
				INFOPLIST_KEY_UILaunchStoryboardName = LaunchScreen;
				INFOPLIST_KEY_UIMainStoryboardFile = Main;
				INFOPLIST_KEY_UISupportedInterfaceOrientations_iPad = "UIInterfaceOrientationPortrait UIInterfaceOrientationPortraitUpsideDown UIInterfaceOrientationLandscapeLeft UIInterfaceOrientationLandscapeRight";
				INFOPLIST_KEY_UISupportedInterfaceOrientations_iPhone = "UIInterfaceOrientationPortrait UIInterfaceOrientationLandscapeLeft UIInterfaceOrientationLandscapeRight";
				LD_RUNPATH_SEARCH_PATHS = (
					"$(inherited)",
					"@executable_path/Frameworks",
				);
				MARKETING_VERSION = 1.0;
				PRODUCT_BUNDLE_IDENTIFIER = com.obs.ContainerMeasure;
				PRODUCT_NAME = "$(TARGET_NAME)";
				SWIFT_EMIT_LOC_STRINGS = YES;
				SWIFT_VERSION = 5.0;
				TARGETED_DEVICE_FAMILY = "1,2";
			};
			name = Release;
		};
/* End XCBuildConfiguration section */

/* Begin XCConfigurationList section */
		CAF6829428B8B4D200EED35B /* Build configuration list for PBXProject "ContainerMeasure" */ = {
			isa = XCConfigurationList;
			buildConfigurations = (
				CAF682AB28B8B4D400EED35B /* Debug */,
				CAF682AC28B8B4D400EED35B /* Release */,
			);
			defaultConfigurationIsVisible = 0;
			defaultConfigurationName = Release;
		};
		CAF682AD28B8B4D400EED35B /* Build configuration list for PBXNativeTarget "ContainerMeasure" */ = {
			isa = XCConfigurationList;
			buildConfigurations = (
				CAF682AE28B8B4D400EED35B /* Debug */,
				CAF682AF28B8B4D400EED35B /* Release */,
			);
			defaultConfigurationIsVisible = 0;
			defaultConfigurationName = Release;
		};
/* End XCConfigurationList section */
	};
	rootObject = CAF6829128B8B4D200EED35B /* Project object */;
}
